{
  "name": "nus_robomaster_signalling_server",
  "version": "1.0.0",
  "lockfileVersion": 1,
  "requires": true,
  "dependencies": {
    "dsjslib": {
      "version": "0.6.14",
      "resolved": "https://registry.npmjs.org/dsjslib/-/dsjslib-0.6.14.tgz",
      "integrity": "sha1-tkaGY4Y22nXdctARWPe2GeVCmk8="
    },
    "ws": {
      "version": "7.3.1",
      "resolved": "https://registry.npmjs.org/ws/-/ws-7.3.1.tgz",
      "integrity": "sha512-D3RuNkynyHmEJIpD2qrgVkc9DQ23OrN/moAwZX4L8DfvszsJxpjQuUq3LMx6HoYji9fbIOBY18XWBsAux1ZZUA=="
    }
  }
}
